
Microsoft Visual Studio Solution File, Format Version 12.00
# Visual Studio Version 16
VisualStudioVersion = 16.0.33214.272
MinimumVisualStudioVersion = 10.0.40219.1
Project("{FAE04EC0-301F-11D3-BF4B-00C04F79EFBC}") = "TestProjectForXUnit", "TestProjectForXUnit\TestProjectForXUnit.csproj", "{7851BA98-082A-4C09-BE59-D7766DF5010B}"
EndProject
Project("{FAE04EC0-301F-11D3-BF4B-00C04F79EFBC}") = "CalculatorTestProject", "CalculatorTestProject\CalculatorTestProject.csproj", "{292AE06F-0254-4251-888C-282CE4352FFD}"
EndProject
Global
	GlobalSection(SolutionConfigurationPlatforms) = preSolution
		Debug|Any CPU = Debug|Any CPU
		Release|Any CPU = Release|Any CPU
	EndGlobalSection
	GlobalSection(ProjectConfigurationPlatforms) = postSolution
		{7851BA98-082A-4C09-BE59-D7766DF5010B}.Debug|Any CPU.ActiveCfg = Debug|Any CPU
		{7851BA98-082A-4C09-BE59-D7766DF5010B}.Debug|Any CPU.Build.0 = Debug|Any CPU
		{7851BA98-082A-4C09-BE59-D7766DF5010B}.Release|Any CPU.ActiveCfg = Release|Any CPU
		{7851BA98-082A-4C09-BE59-D7766DF5010B}.Release|Any CPU.Build.0 = Release|Any CPU
		{292AE06F-0254-4251-888C-282CE4352FFD}.Debug|Any CPU.ActiveCfg = Debug|Any CPU
		{292AE06F-0254-4251-888C-282CE4352FFD}.Debug|Any CPU.Build.0 = Debug|Any CPU
		{292AE06F-0254-4251-888C-282CE4352FFD}.Release|Any CPU.ActiveCfg = Release|Any CPU
		{292AE06F-0254-4251-888C-282CE4352FFD}.Release|Any CPU.Build.0 = Release|Any CPU
	EndGlobalSection
	GlobalSection(SolutionProperties) = preSolution
		HideSolutionNode = FALSE
	EndGlobalSection
	GlobalSection(ExtensibilityGlobals) = postSolution
		SolutionGuid = {24B6F633-409B-4D42-A575-CAA562DC039C}
	EndGlobalSection
EndGlobal
